// !$*UTF8*$!
{
	archiveVersion = 1;
	classes = {
	};
	objectVersion = 46;
	objects = {

/* Begin PBXBuildFile section */
		4B0FC04A1AA4C54D00E26DC1 /* main.cpp in Sources */ = {isa = PBXBuildFile; fileRef = 4B0FC0491AA4C54D00E26DC1 /* main.cpp */; };
		4BC0A9321ABA373C0085DC50 /* ABP.cpp in Sources */ = {isa = PBXBuildFile; fileRef = 4BC0A9301ABA373C0085DC50 /* ABP.cpp */; };
		4BC0A9351ABB0D9F0085DC50 /* NACK.cpp in Sources */ = {isa = PBXBuildFile; fileRef = 4BC0A9331ABB0D9F0085DC50 /* NACK.cpp */; };
		4BC0A9381ABB16800085DC50 /* GBN.cpp in Sources */ = {isa = PBXBuildFile; fileRef = 4BC0A9361ABB16800085DC50 /* GBN.cpp */; };
/* End PBXBuildFile section */

/* Begin PBXCopyFilesBuildPhase section */
		4B0FC0441AA4C54D00E26DC1 /* CopyFiles */ = {
			isa = PBXCopyFilesBuildPhase;
			buildActionMask = 2147483647;
			dstPath = /usr/share/man/man1/;
			dstSubfolderSpec = 0;
			files = (
			);
			runOnlyForDeploymentPostprocessing = 1;
		};
/* End PBXCopyFilesBuildPhase section */

/* Begin PBXFileReference section */
		4B0FC0461AA4C54D00E26DC1 /* ECE358Lab2 */ = {isa = PBXFileReference; explicitFileType = "compiled.mach-o.executable"; includeInIndex = 0; path = ECE358Lab2; sourceTree = BUILT_PRODUCTS_DIR; };
		4B0FC0491AA4C54D00E26DC1 /* main.cpp */ = {isa = PBXFileReference; lastKnownFileType = sourcecode.cpp.cpp; path = main.cpp; sourceTree = "<group>"; usesTabs = 1; };
		4BC0A9301ABA373C0085DC50 /* ABP.cpp */ = {isa = PBXFileReference; fileEncoding = 4; lastKnownFileType = sourcecode.cpp.cpp; path = ABP.cpp; sourceTree = "<group>"; usesTabs = 1; };
		4BC0A9311ABA373C0085DC50 /* ABP.h */ = {isa = PBXFileReference; fileEncoding = 4; lastKnownFileType = sourcecode.c.h; path = ABP.h; sourceTree = "<group>"; usesTabs = 1; };
		4BC0A9331ABB0D9F0085DC50 /* NACK.cpp */ = {isa = PBXFileReference; fileEncoding = 4; lastKnownFileType = sourcecode.cpp.cpp; path = NACK.cpp; sourceTree = "<group>"; };
		4BC0A9341ABB0D9F0085DC50 /* NACK.h */ = {isa = PBXFileReference; fileEncoding = 4; lastKnownFileType = sourcecode.c.h; path = NACK.h; sourceTree = "<group>"; };
		4BC0A9361ABB16800085DC50 /* GBN.cpp */ = {isa = PBXFileReference; fileEncoding = 4; lastKnownFileType = sourcecode.cpp.cpp; path = GBN.cpp; sourceTree = "<group>"; usesTabs = 1; };
		4BC0A9371ABB16800085DC50 /* GBN.h */ = {isa = PBXFileReference; fileEncoding = 4; lastKnownFileType = sourcecode.c.h; path = GBN.h; sourceTree = "<group>"; };
/* End PBXFileReference section */

/* Begin PBXFrameworksBuildPhase section */
		4B0FC0431AA4C54D00E26DC1 /* Frameworks */ = {
			isa = PBXFrameworksBuildPhase;
			buildActionMask = 2147483647;
			files = (
			);
			runOnlyForDeploymentPostprocessing = 0;
		};
/* End PBXFrameworksBuildPhase section */

/* Begin PBXGroup section */
		4B0FC03D1AA4C54D00E26DC1 = {
			isa = PBXGroup;
			children = (
				4B0FC0481AA4C54D00E26DC1 /* ECE358Lab2 */,
				4B0FC0471AA4C54D00E26DC1 /* Products */,
			);
			sourceTree = "<group>";
		};
		4B0FC0471AA4C54D00E26DC1 /* Products */ = {
			isa = PBXGroup;
			children = (
				4B0FC0461AA4C54D00E26DC1 /* ECE358Lab2 */,
			);
			name = Products;
			sourceTree = "<group>";
		};
		4B0FC0481AA4C54D00E26DC1 /* ECE358Lab2 */ = {
			isa = PBXGroup;
			children = (
				4BC0A9301ABA373C0085DC50 /* ABP.cpp */,
				4BC0A9331ABB0D9F0085DC50 /* NACK.cpp */,
				4BC0A9341ABB0D9F0085DC50 /* NACK.h */,
				4BC0A9311ABA373C0085DC50 /* ABP.h */,
				4B0FC0491AA4C54D00E26DC1 /* main.cpp */,
				4BC0A9361ABB16800085DC50 /* GBN.cpp */,
				4BC0A9371ABB16800085DC50 /* GBN.h */,
			);
			path = ECE358Lab2;
			sourceTree = "<group>";
		};
/* End PBXGroup section */

/* Begin PBXNativeTarget section */
		4B0FC0451AA4C54D00E26DC1 /* ECE358Lab2 */ = {
			isa = PBXNativeTarget;
			buildConfigurationList = 4B0FC04D1AA4C54D00E26DC1 /* Build configuration list for PBXNativeTarget "ECE358Lab2" */;
			buildPhases = (
				4B0FC0421AA4C54D00E26DC1 /* Sources */,
				4B0FC0431AA4C54D00E26DC1 /* Frameworks */,
				4B0FC0441AA4C54D00E26DC1 /* CopyFiles */,
			);
			buildRules = (
			);
			dependencies = (
			);
			name = ECE358Lab2;
			productName = ECE358Lab2;
			productReference = 4B0FC0461AA4C54D00E26DC1 /* ECE358Lab2 */;
			productType = "com.apple.product-type.tool";
		};
/* End PBXNativeTarget section */

/* Begin PBXProject section */
		4B0FC03E1AA4C54D00E26DC1 /* Project object */ = {
			isa = PBXProject;
			attributes = {
				LastUpgradeCheck = 0610;
				ORGANIZATIONNAME = "YeounJun Park";
				TargetAttributes = {
					4B0FC0451AA4C54D00E26DC1 = {
						CreatedOnToolsVersion = 6.1.1;
					};
				};
			};
			buildConfigurationList = 4B0FC0411AA4C54D00E26DC1 /* Build configuration list for PBXProject "ECE358Lab2" */;
			compatibilityVersion = "Xcode 3.2";
			developmentRegion = English;
			hasScannedForEncodings = 0;
			knownRegions = (
				en,
			);
			mainGroup = 4B0FC03D1AA4C54D00E26DC1;
			productRefGroup = 4B0FC0471AA4C54D00E26DC1 /* Products */;
			projectDirPath = "";
			projectRoot = "";
			targets = (
				4B0FC0451AA4C54D00E26DC1 /* ECE358Lab2 */,
			);
		};
/* End PBXProject section */

/* Begin PBXSourcesBuildPhase section */
		4B0FC0421AA4C54D00E26DC1 /* Sources */ = {
			isa = PBXSourcesBuildPhase;
			buildActionMask = 2147483647;
			files = (
				4BC0A9351ABB0D9F0085DC50 /* NACK.cpp in Sources */,
				4B0FC04A1AA4C54D00E26DC1 /* main.cpp in Sources */,
				4BC0A9321ABA373C0085DC50 /* ABP.cpp in Sources */,
				4BC0A9381ABB16800085DC50 /* GBN.cpp in Sources */,
			);
			runOnlyForDeploymentPostprocessing = 0;
		};
/* End PBXSourcesBuildPhase section */

/* Begin XCBuildConfiguration section */
		4B0FC04B1AA4C54D00E26DC1 /* Debug */ = {
			isa = XCBuildConfiguration;
			buildSettings = {
				ALWAYS_SEARCH_USER_PATHS = NO;
				CLANG_CXX_LANGUAGE_STANDARD = "gnu++0x";
				CLANG_CXX_LIBRARY = "libc++";
				CLANG_ENABLE_MODULES = YES;
				CLANG_ENABLE_OBJC_ARC = YES;
				CLANG_WARN_BOOL_CONVERSION = YES;
				CLANG_WARN_CONSTANT_CONVERSION = YES;
				CLANG_WARN_DIRECT_OBJC_ISA_USAGE = YES_ERROR;
				CLANG_WARN_EMPTY_BODY = YES;
				CLANG_WARN_ENUM_CONVERSION = YES;
				CLANG_WARN_INT_CONVERSION = YES;
				CLANG_WARN_OBJC_ROOT_CLASS = YES_ERROR;
				CLANG_WARN_UNREACHABLE_CODE = YES;
				CLANG_WARN__DUPLICATE_METHOD_MATCH = YES;
				COPY_PHASE_STRIP = NO;
				ENABLE_STRICT_OBJC_MSGSEND = YES;
				GCC_C_LANGUAGE_STANDARD = gnu99;
				GCC_DYNAMIC_NO_PIC = NO;
				GCC_OPTIMIZATION_LEVEL = 0;
				GCC_PREPROCESSOR_DEFINITIONS = (
					"DEBUG=1",
					"$(inherited)",
				);
				GCC_SYMBOLS_PRIVATE_EXTERN = NO;
				GCC_WARN_64_TO_32_BIT_CONVERSION = YES;
				GCC_WARN_ABOUT_RETURN_TYPE = YES_ERROR;
				GCC_WARN_UNDECLARED_SELECTOR = YES;
				GCC_WARN_UNINITIALIZED_AUTOS = YES_AGGRESSIVE;
				GCC_WARN_UNUSED_FUNCTION = YES;
				GCC_WARN_UNUSED_VARIABLE = YES;
				MACOSX_DEPLOYMENT_TARGET = 10.10;
				MTL_ENABLE_DEBUG_INFO = YES;
				ONLY_ACTIVE_ARCH = YES;
				SDKROOT = macosx;
			};
			name = Debug;
		};
		4B0FC04C1AA4C54D00E26DC1 /* Release */ = {
			isa = XCBuildConfiguration;
			buildSettings = {
				ALWAYS_SEARCH_USER_PATHS = NO;
				CLANG_CXX_LANGUAGE_STANDARD = "gnu++0x";
				CLANG_CXX_LIBRARY = "libc++";
				CLANG_ENABLE_MODULES = YES;
				CLANG_ENABLE_OBJC_ARC = YES;
				CLANG_WARN_BOOL_CONVERSION = YES;
				CLANG_WARN_CONSTANT_CONVERSION = YES;
				CLANG_WARN_DIRECT_OBJC_ISA_USAGE = YES_ERROR;
				CLANG_WARN_EMPTY_BODY = YES;
				CLANG_WARN_ENUM_CONVERSION = YES;
				CLANG_WARN_INT_CONVERSION = YES;
				CLANG_WARN_OBJC_ROOT_CLASS = YES_ERROR;
				CLANG_WARN_UNREACHABLE_CODE = YES;
				CLANG_WARN__DUPLICATE_METHOD_MATCH = YES;
				COPY_PHASE_STRIP = YES;
				DEBUG_INFORMATION_FORMAT = "dwarf-with-dsym";
				ENABLE_NS_ASSERTIONS = NO;
				ENABLE_STRICT_OBJC_MSGSEND = YES;
				GCC_C_LANGUAGE_STANDARD = gnu99;
				GCC_WARN_64_TO_32_BIT_CONVERSION = YES;
				GCC_WARN_ABOUT_RETURN_TYPE = YES_ERROR;
				GCC_WARN_UNDECLARED_SELECTOR = YES;
				GCC_WARN_UNINITIALIZED_AUTOS = YES_AGGRESSIVE;
				GCC_WARN_UNUSED_FUNCTION = YES;
				GCC_WARN_UNUSED_VARIABLE = YES;
				MACOSX_DEPLOYMENT_TARGET = 10.10;
				MTL_ENABLE_DEBUG_INFO = NO;
				SDKROOT = macosx;
			};
			name = Release;
		};
		4B0FC04E1AA4C54D00E26DC1 /* Debug */ = {
			isa = XCBuildConfiguration;
			buildSettings = {
				PRODUCT_NAME = "$(TARGET_NAME)";
			};
			name = Debug;
		};
		4B0FC04F1AA4C54D00E26DC1 /* Release */ = {
			isa = XCBuildConfiguration;
			buildSettings = {
				PRODUCT_NAME = "$(TARGET_NAME)";
			};
			name = Release;
		};
/* End XCBuildConfiguration section */

/* Begin XCConfigurationList section */
		4B0FC0411AA4C54D00E26DC1 /* Build configuration list for PBXProject "ECE358Lab2" */ = {
			isa = XCConfigurationList;
			buildConfigurations = (
				4B0FC04B1AA4C54D00E26DC1 /* Debug */,
				4B0FC04C1AA4C54D00E26DC1 /* Release */,
			);
			defaultConfigurationIsVisible = 0;
			defaultConfigurationName = Release;
		};
		4B0FC04D1AA4C54D00E26DC1 /* Build configuration list for PBXNativeTarget "ECE358Lab2" */ = {
			isa = XCConfigurationList;
			buildConfigurations = (
				4B0FC04E1AA4C54D00E26DC1 /* Debug */,
				4B0FC04F1AA4C54D00E26DC1 /* Release */,
			);
			defaultConfigurationIsVisible = 0;
			defaultConfigurationName = Release;
		};
/* End XCConfigurationList section */
	};
	rootObject = 4B0FC03E1AA4C54D00E26DC1 /* Project object */;
}
